
Microsoft Visual Studio Solution File, Format Version 12.00
# Visual Studio Version 17
VisualStudioVersion = 17.13.35931.197 d17.13
MinimumVisualStudioVersion = 10.0.40219.1
Project("{FAE04EC0-301F-11D3-BF4B-00C04F79EFBC}") = "SimpleAIClient", "SimpleAIClient.csproj", "{79ECE4A9-6AEC-4605-9615-DD1497B50DBF}"
EndProject
Global
	GlobalSection(SolutionConfigurationPlatforms) = preSolution
		Debug|Any CPU = Debug|Any CPU
		Release|Any CPU = Release|Any CPU
	EndGlobalSection
	GlobalSection(ProjectConfigurationPlatforms) = postSolution
		{79ECE4A9-6AEC-4605-9615-DD1497B50DBF}.Debug|Any CPU.ActiveCfg = Debug|Any CPU
		{79ECE4A9-6AEC-4605-9615-DD1497B50DBF}.Debug|Any CPU.Build.0 = Debug|Any CPU
		{79ECE4A9-6AEC-4605-9615-DD1497B50DBF}.Release|Any CPU.ActiveCfg = Release|Any CPU
		{79ECE4A9-6AEC-4605-9615-DD1497B50DBF}.Release|Any CPU.Build.0 = Release|Any CPU
	EndGlobalSection
	GlobalSection(SolutionProperties) = preSolution
		HideSolutionNode = FALSE
	EndGlobalSection
	GlobalSection(ExtensibilityGlobals) = postSolution
		SolutionGuid = {8D1832A2-696E-4D44-964C-99875D148C42}
	EndGlobalSection
EndGlobal
