
Microsoft Visual Studio Solution File, Format Version 12.00
# Visual Studio 15
Project("{FAE04EC0-301F-11D3-BF4B-00C04F79EFBC}") = "AuthService", "AuthService.csproj", "{2EDBED56-86E7-4F93-A35A-EBBE95519176}"
EndProject
Global
	GlobalSection(SolutionConfigurationPlatforms) = preSolution
		Debug|Any CPU = Debug|Any CPU
		Release|Any CPU = Release|Any CPU
	EndGlobalSection
	GlobalSection(ProjectConfigurationPlatforms) = postSolution
		{2EDBED56-86E7-4F93-A35A-EBBE95519176}.Debug|Any CPU.ActiveCfg = Debug|Any CPU
		{2EDBED56-86E7-4F93-A35A-EBBE95519176}.Debug|Any CPU.Build.0 = Debug|Any CPU
		{2EDBED56-86E7-4F93-A35A-EBBE95519176}.Release|Any CPU.ActiveCfg = Release|Any CPU
		{2EDBED56-86E7-4F93-A35A-EBBE95519176}.Release|Any CPU.Build.0 = Release|Any CPU
	EndGlobalSection
EndGlobal
